PODS:
  - expanding-collection (3.0.0)

DEPENDENCIES:
  - expanding-collection

SPEC REPOS:
  https://github.com/cocoapods/specs.git:
    - expanding-collection

SPEC CHECKSUMS:
  expanding-collection: 008241debdc263d25e230d6a0824a558a8f2755c

PODFILE CHECKSUM: 5bc47ac2c77aeab1c8d68e0f78eadbaf6bdb2f8d

COCOAPODS: 1.5.3
