// !$*UTF8*$!
{
	archiveVersion = 1;
	classes = {
	};
	objectVersion = 51;
	objects = {

/* Begin PBXBuildFile section */
		0822B0552598770A00B0CA17 /* homeCollectionViewCell.swift in Sources */ = {isa = PBXBuildFile; fileRef = 0822B0532598770A00B0CA17 /* homeCollectionViewCell.swift */; };
		0822B07925999EFD00B0CA17 /* GoogleService-Info.plist in Resources */ = {isa = PBXBuildFile; fileRef = 0822B07825999EFD00B0CA17 /* GoogleService-Info.plist */; };
		0822B07D25999FE600B0CA17 /* StateModel.swift in Sources */ = {isa = PBXBuildFile; fileRef = 0822B07C25999FE600B0CA17 /* StateModel.swift */; };
		0822B0812599A04500B0CA17 /* FireBaseCustomData.swift in Sources */ = {isa = PBXBuildFile; fileRef = 0822B0802599A04500B0CA17 /* FireBaseCustomData.swift */; };
		0822B1E1259AD22C00B0CA17 /* homeCollectionViewCell.xib in Resources */ = {isa = PBXBuildFile; fileRef = 0822B1E0259AD22C00B0CA17 /* homeCollectionViewCell.xib */; };
		0822B1E7259BCFA300B0CA17 /* FireBaseDataService.swift in Sources */ = {isa = PBXBuildFile; fileRef = 0822B1E6259BCFA300B0CA17 /* FireBaseDataService.swift */; };
		0822B1EB259BD1A700B0CA17 /* homeViewModel.swift in Sources */ = {isa = PBXBuildFile; fileRef = 0822B1EA259BD1A700B0CA17 /* homeViewModel.swift */; };
		0822B1EE259D499F00B0CA17 /* GovApiClientService.swift in Sources */ = {isa = PBXBuildFile; fileRef = 0822B1ED259D499F00B0CA17 /* GovApiClientService.swift */; };
		0822B1F1259E4DC900B0CA17 /* cities.txt in Resources */ = {isa = PBXBuildFile; fileRef = 0822B1F0259E4DC900B0CA17 /* cities.txt */; };
		0822B1F4259E558700B0CA17 /* city.txt in Resources */ = {isa = PBXBuildFile; fileRef = 0822B1F3259E558700B0CA17 /* city.txt */; };
		0822B1F8259E64B000B0CA17 /* cityTableViewCell.swift in Sources */ = {isa = PBXBuildFile; fileRef = 0822B1F6259E64B000B0CA17 /* cityTableViewCell.swift */; };
		0822B1F9259E64B000B0CA17 /* cityTableViewCell.xib in Resources */ = {isa = PBXBuildFile; fileRef = 0822B1F7259E64B000B0CA17 /* cityTableViewCell.xib */; };
		2263900025981EBA0051E2C4 /* AppDelegate.swift in Sources */ = {isa = PBXBuildFile; fileRef = 22638FFF25981EBA0051E2C4 /* AppDelegate.swift */; };
		2263900225981EBA0051E2C4 /* ViewController.swift in Sources */ = {isa = PBXBuildFile; fileRef = 2263900125981EBA0051E2C4 /* ViewController.swift */; };
		2263900725981EBD0051E2C4 /* Assets.xcassets in Resources */ = {isa = PBXBuildFile; fileRef = 2263900625981EBD0051E2C4 /* Assets.xcassets */; };
		2263900A25981EBD0051E2C4 /* LaunchScreen.storyboard in Resources */ = {isa = PBXBuildFile; fileRef = 2263900825981EBD0051E2C4 /* LaunchScreen.storyboard */; };
		2263901B259826610051E2C4 /* home.png in Resources */ = {isa = PBXBuildFile; fileRef = 22639017259826610051E2C4 /* home.png */; };
		2263901C259826610051E2C4 /* location.png in Resources */ = {isa = PBXBuildFile; fileRef = 22639018259826610051E2C4 /* location.png */; };
		2263901D259826610051E2C4 /* discovery.png in Resources */ = {isa = PBXBuildFile; fileRef = 22639019259826610051E2C4 /* discovery.png */; };
		2263901E259826610051E2C4 /* myself.png in Resources */ = {isa = PBXBuildFile; fileRef = 2263901A259826610051E2C4 /* myself.png */; };
		22639022259826EE0051E2C4 /* discoveryViewController.swift in Sources */ = {isa = PBXBuildFile; fileRef = 22639021259826EE0051E2C4 /* discoveryViewController.swift */; };
		22639024259827030051E2C4 /* findViewController.swift in Sources */ = {isa = PBXBuildFile; fileRef = 22639023259827030051E2C4 /* findViewController.swift */; };
		22639026259827170051E2C4 /* mineViewController.swift in Sources */ = {isa = PBXBuildFile; fileRef = 22639025259827170051E2C4 /* mineViewController.swift */; };
		22E5486A25984E60009D50B1 /* homeViewController.swift in Sources */ = {isa = PBXBuildFile; fileRef = 22E5486825984E60009D50B1 /* homeViewController.swift */; };
		22E54873259862D1009D50B1 /* detailViewController.swift in Sources */ = {isa = PBXBuildFile; fileRef = 22E54871259862D1009D50B1 /* detailViewController.swift */; };
		22E54876259867C1009D50B1 /* Main.storyboard in Resources */ = {isa = PBXBuildFile; fileRef = 22E54875259867C1009D50B1 /* Main.storyboard */; };
		22E5487B25986D4D009D50B1 /* washington.png in Resources */ = {isa = PBXBuildFile; fileRef = 22E5487725986D4C009D50B1 /* washington.png */; };
		22E5487C25986D4D009D50B1 /* san francisco.png in Resources */ = {isa = PBXBuildFile; fileRef = 22E5487825986D4D009D50B1 /* san francisco.png */; };
		22E5487D25986D4D009D50B1 /* new york.png in Resources */ = {isa = PBXBuildFile; fileRef = 22E5487925986D4D009D50B1 /* new york.png */; };
		22E5487E25986D4D009D50B1 /* boston.png in Resources */ = {isa = PBXBuildFile; fileRef = 22E5487A25986D4D009D50B1 /* boston.png */; };
		B6A5A94C88E80C1E3BE3E79C /* libPods-YoLoBoo.a in Frameworks */ = {isa = PBXBuildFile; fileRef = 7AF03FB2E71E7C4CBBC2B934 /* libPods-YoLoBoo.a */; };
/* End PBXBuildFile section */

/* Begin PBXFileReference section */
		0822B0532598770A00B0CA17 /* homeCollectionViewCell.swift */ = {isa = PBXFileReference; fileEncoding = 4; lastKnownFileType = sourcecode.swift; path = homeCollectionViewCell.swift; sourceTree = "<group>"; };
		0822B07825999EFD00B0CA17 /* GoogleService-Info.plist */ = {isa = PBXFileReference; lastKnownFileType = text.plist; path = "GoogleService-Info.plist"; sourceTree = SOURCE_ROOT; };
		0822B07C25999FE600B0CA17 /* StateModel.swift */ = {isa = PBXFileReference; lastKnownFileType = sourcecode.swift; path = StateModel.swift; sourceTree = "<group>"; };
		0822B0802599A04500B0CA17 /* FireBaseCustomData.swift */ = {isa = PBXFileReference; lastKnownFileType = sourcecode.swift; path = FireBaseCustomData.swift; sourceTree = "<group>"; };
		0822B1E0259AD22C00B0CA17 /* homeCollectionViewCell.xib */ = {isa = PBXFileReference; fileEncoding = 4; lastKnownFileType = file.xib; path = homeCollectionViewCell.xib; sourceTree = "<group>"; };
		0822B1E6259BCFA300B0CA17 /* FireBaseDataService.swift */ = {isa = PBXFileReference; lastKnownFileType = sourcecode.swift; path = FireBaseDataService.swift; sourceTree = "<group>"; };
		0822B1EA259BD1A700B0CA17 /* homeViewModel.swift */ = {isa = PBXFileReference; lastKnownFileType = sourcecode.swift; path = homeViewModel.swift; sourceTree = "<group>"; };
		0822B1ED259D499F00B0CA17 /* GovApiClientService.swift */ = {isa = PBXFileReference; lastKnownFileType = sourcecode.swift; path = GovApiClientService.swift; sourceTree = "<group>"; };
		0822B1F0259E4DC900B0CA17 /* cities.txt */ = {isa = PBXFileReference; fileEncoding = 4; lastKnownFileType = text; path = cities.txt; sourceTree = "<group>"; };
		0822B1F3259E558700B0CA17 /* city.txt */ = {isa = PBXFileReference; fileEncoding = 4; lastKnownFileType = text; path = city.txt; sourceTree = "<group>"; };
		0822B1F6259E64B000B0CA17 /* cityTableViewCell.swift */ = {isa = PBXFileReference; lastKnownFileType = sourcecode.swift; path = cityTableViewCell.swift; sourceTree = "<group>"; };
		0822B1F7259E64B000B0CA17 /* cityTableViewCell.xib */ = {isa = PBXFileReference; lastKnownFileType = file.xib; path = cityTableViewCell.xib; sourceTree = "<group>"; };
		22638FFC25981EBA0051E2C4 /* YoLoBoo.app */ = {isa = PBXFileReference; explicitFileType = wrapper.application; includeInIndex = 0; path = YoLoBoo.app; sourceTree = BUILT_PRODUCTS_DIR; };
		22638FFF25981EBA0051E2C4 /* AppDelegate.swift */ = {isa = PBXFileReference; lastKnownFileType = sourcecode.swift; path = AppDelegate.swift; sourceTree = "<group>"; };
		2263900125981EBA0051E2C4 /* ViewController.swift */ = {isa = PBXFileReference; lastKnownFileType = sourcecode.swift; path = ViewController.swift; sourceTree = "<group>"; };
		2263900625981EBD0051E2C4 /* Assets.xcassets */ = {isa = PBXFileReference; lastKnownFileType = folder.assetcatalog; path = Assets.xcassets; sourceTree = "<group>"; };
		2263900925981EBD0051E2C4 /* Base */ = {isa = PBXFileReference; lastKnownFileType = file.storyboard; name = Base; path = Base.lproj/LaunchScreen.storyboard; sourceTree = "<group>"; };
		2263900B25981EBD0051E2C4 /* Info.plist */ = {isa = PBXFileReference; lastKnownFileType = text.plist.xml; path = Info.plist; sourceTree = "<group>"; };
		22639017259826610051E2C4 /* home.png */ = {isa = PBXFileReference; lastKnownFileType = image.png; path = home.png; sourceTree = "<group>"; };
		22639018259826610051E2C4 /* location.png */ = {isa = PBXFileReference; lastKnownFileType = image.png; path = location.png; sourceTree = "<group>"; };
		22639019259826610051E2C4 /* discovery.png */ = {isa = PBXFileReference; lastKnownFileType = image.png; path = discovery.png; sourceTree = "<group>"; };
		2263901A259826610051E2C4 /* myself.png */ = {isa = PBXFileReference; lastKnownFileType = image.png; path = myself.png; sourceTree = "<group>"; };
		22639021259826EE0051E2C4 /* discoveryViewController.swift */ = {isa = PBXFileReference; lastKnownFileType = sourcecode.swift; path = discoveryViewController.swift; sourceTree = "<group>"; };
		22639023259827030051E2C4 /* findViewController.swift */ = {isa = PBXFileReference; lastKnownFileType = sourcecode.swift; path = findViewController.swift; sourceTree = "<group>"; };
		22639025259827170051E2C4 /* mineViewController.swift */ = {isa = PBXFileReference; lastKnownFileType = sourcecode.swift; path = mineViewController.swift; sourceTree = "<group>"; };
		22E5486825984E60009D50B1 /* homeViewController.swift */ = {isa = PBXFileReference; lastKnownFileType = sourcecode.swift; path = homeViewController.swift; sourceTree = "<group>"; };
		22E54871259862D1009D50B1 /* detailViewController.swift */ = {isa = PBXFileReference; lastKnownFileType = sourcecode.swift; path = detailViewController.swift; sourceTree = "<group>"; };
		22E54875259867C1009D50B1 /* Main.storyboard */ = {isa = PBXFileReference; fileEncoding = 4; lastKnownFileType = file.storyboard; path = Main.storyboard; sourceTree = "<group>"; };
		22E5487725986D4C009D50B1 /* washington.png */ = {isa = PBXFileReference; lastKnownFileType = image.png; path = washington.png; sourceTree = "<group>"; };
		22E5487825986D4D009D50B1 /* san francisco.png */ = {isa = PBXFileReference; lastKnownFileType = image.png; path = "san francisco.png"; sourceTree = "<group>"; };
		22E5487925986D4D009D50B1 /* new york.png */ = {isa = PBXFileReference; lastKnownFileType = image.png; path = "new york.png"; sourceTree = "<group>"; };
		22E5487A25986D4D009D50B1 /* boston.png */ = {isa = PBXFileReference; lastKnownFileType = image.png; path = boston.png; sourceTree = "<group>"; };
		2E6872FC7BFA9DFA595917B8 /* Pods-YoLoBoo.debug.xcconfig */ = {isa = PBXFileReference; includeInIndex = 1; lastKnownFileType = text.xcconfig; name = "Pods-YoLoBoo.debug.xcconfig"; path = "Pods/Target Support Files/Pods-YoLoBoo/Pods-YoLoBoo.debug.xcconfig"; sourceTree = "<group>"; };
		7AF03FB2E71E7C4CBBC2B934 /* libPods-YoLoBoo.a */ = {isa = PBXFileReference; explicitFileType = archive.ar; includeInIndex = 0; path = "libPods-YoLoBoo.a"; sourceTree = BUILT_PRODUCTS_DIR; };
		A0FA7B3905474FBBDF35220D /* Pods-YoLoBoo.release.xcconfig */ = {isa = PBXFileReference; includeInIndex = 1; lastKnownFileType = text.xcconfig; name = "Pods-YoLoBoo.release.xcconfig"; path = "Pods/Target Support Files/Pods-YoLoBoo/Pods-YoLoBoo.release.xcconfig"; sourceTree = "<group>"; };
/* End PBXFileReference section */

/* Begin PBXFrameworksBuildPhase section */
		22638FF925981EBA0051E2C4 /* Frameworks */ = {
			isa = PBXFrameworksBuildPhase;
			buildActionMask = 2147483647;
			files = (
				B6A5A94C88E80C1E3BE3E79C /* libPods-YoLoBoo.a in Frameworks */,
			);
			runOnlyForDeploymentPostprocessing = 0;
		};
/* End PBXFrameworksBuildPhase section */

/* Begin PBXGroup section */
		0822B07B25999F6C00B0CA17 /* DataModel */ = {
			isa = PBXGroup;
			children = (
				0822B07C25999FE600B0CA17 /* StateModel.swift */,
				0822B1EA259BD1A700B0CA17 /* homeViewModel.swift */,
			);
			path = DataModel;
			sourceTree = "<group>";
		};
		0822B07F2599A02500B0CA17 /* DataBase Mapping */ = {
			isa = PBXGroup;
			children = (
				0822B0802599A04500B0CA17 /* FireBaseCustomData.swift */,
				0822B1E6259BCFA300B0CA17 /* FireBaseDataService.swift */,
				0822B1ED259D499F00B0CA17 /* GovApiClientService.swift */,
			);
			path = "DataBase Mapping";
			sourceTree = "<group>";
		};
		0822B085259A9C7B00B0CA17 /* CollectionViewCells */ = {
			isa = PBXGroup;
			children = (
				0822B0532598770A00B0CA17 /* homeCollectionViewCell.swift */,
				0822B1E0259AD22C00B0CA17 /* homeCollectionViewCell.xib */,
			);
			path = CollectionViewCells;
			sourceTree = "<group>";
		};
		22638FF325981EBA0051E2C4 = {
			isa = PBXGroup;
			children = (
				22639015259826300051E2C4 /* images */,
				22638FFE25981EBA0051E2C4 /* YoLoBoo */,
				22638FFD25981EBA0051E2C4 /* Products */,
				E65B2E59932EB2FA59F5178B /* Pods */,
				E981C0168E9EC43AFB8E0C02 /* Frameworks */,
			);
			sourceTree = "<group>";
		};
		22638FFD25981EBA0051E2C4 /* Products */ = {
			isa = PBXGroup;
			children = (
				22638FFC25981EBA0051E2C4 /* YoLoBoo.app */,
			);
			name = Products;
			sourceTree = "<group>";
		};
		22638FFE25981EBA0051E2C4 /* YoLoBoo */ = {
			isa = PBXGroup;
			children = (
				0822B07F2599A02500B0CA17 /* DataBase Mapping */,
				0822B07825999EFD00B0CA17 /* GoogleService-Info.plist */,
				226390142598232A0051E2C4 /* Forth View */,
				226390132598231F0051E2C4 /* Third View */,
				22639012259823170051E2C4 /* Second View */,
				226390112598230D0051E2C4 /* FirstView */,
				22638FFF25981EBA0051E2C4 /* AppDelegate.swift */,
				2263900125981EBA0051E2C4 /* ViewController.swift */,
				2263900625981EBD0051E2C4 /* Assets.xcassets */,
				22E54875259867C1009D50B1 /* Main.storyboard */,
				2263900825981EBD0051E2C4 /* LaunchScreen.storyboard */,
				2263900B25981EBD0051E2C4 /* Info.plist */,
				0822B1F0259E4DC900B0CA17 /* cities.txt */,
				0822B1F3259E558700B0CA17 /* city.txt */,
			);
			path = YoLoBoo;
			sourceTree = "<group>";
		};
		226390112598230D0051E2C4 /* FirstView */ = {
			isa = PBXGroup;
			children = (
				22E5486825984E60009D50B1 /* homeViewController.swift */,
				0822B085259A9C7B00B0CA17 /* CollectionViewCells */,
				0822B07B25999F6C00B0CA17 /* DataModel */,
				22E54870259862AD009D50B1 /* DetailView */,
			);
			path = FirstView;
			sourceTree = "<group>";
		};
		22639012259823170051E2C4 /* Second View */ = {
			isa = PBXGroup;
			children = (
				22639021259826EE0051E2C4 /* discoveryViewController.swift */,
			);
			path = "Second View";
			sourceTree = "<group>";
		};
		226390132598231F0051E2C4 /* Third View */ = {
			isa = PBXGroup;
			children = (
				22639023259827030051E2C4 /* findViewController.swift */,
			);
			path = "Third View";
			sourceTree = "<group>";
		};
		226390142598232A0051E2C4 /* Forth View */ = {
			isa = PBXGroup;
			children = (
				22639025259827170051E2C4 /* mineViewController.swift */,
			);
			path = "Forth View";
			sourceTree = "<group>";
		};
		22639015259826300051E2C4 /* images */ = {
			isa = PBXGroup;
			children = (
				22639019259826610051E2C4 /* discovery.png */,
				22639017259826610051E2C4 /* home.png */,
				22639018259826610051E2C4 /* location.png */,
				2263901A259826610051E2C4 /* myself.png */,
				22E5487A25986D4D009D50B1 /* boston.png */,
				22E5487925986D4D009D50B1 /* new york.png */,
				22E5487825986D4D009D50B1 /* san francisco.png */,
				22E5487725986D4C009D50B1 /* washington.png */,
			);
			path = images;
			sourceTree = "<group>";
		};
		22E54870259862AD009D50B1 /* DetailView */ = {
			isa = PBXGroup;
			children = (
				22E54871259862D1009D50B1 /* detailViewController.swift */,
				0822B1F6259E64B000B0CA17 /* cityTableViewCell.swift */,
				0822B1F7259E64B000B0CA17 /* cityTableViewCell.xib */,
			);
			path = DetailView;
			sourceTree = "<group>";
		};
		E65B2E59932EB2FA59F5178B /* Pods */ = {
			isa = PBXGroup;
			children = (
				2E6872FC7BFA9DFA595917B8 /* Pods-YoLoBoo.debug.xcconfig */,
				A0FA7B3905474FBBDF35220D /* Pods-YoLoBoo.release.xcconfig */,
			);
			name = Pods;
			sourceTree = "<group>";
		};
		E981C0168E9EC43AFB8E0C02 /* Frameworks */ = {
			isa = PBXGroup;
			children = (
				7AF03FB2E71E7C4CBBC2B934 /* libPods-YoLoBoo.a */,
			);
			name = Frameworks;
			sourceTree = "<group>";
		};
/* End PBXGroup section */

/* Begin PBXNativeTarget section */
		22638FFB25981EBA0051E2C4 /* YoLoBoo */ = {
			isa = PBXNativeTarget;
			buildConfigurationList = 2263900E25981EBD0051E2C4 /* Build configuration list for PBXNativeTarget "YoLoBoo" */;
			buildPhases = (
				B929BCB81EFDEA042ED4ADBA /* [CP] Check Pods Manifest.lock */,
				22638FF825981EBA0051E2C4 /* Sources */,
				22638FF925981EBA0051E2C4 /* Frameworks */,
				22638FFA25981EBA0051E2C4 /* Resources */,
				AECC124B096AC37352FEF32B /* [CP] Copy Pods Resources */,
			);
			buildRules = (
			);
			dependencies = (
			);
			name = YoLoBoo;
			productName = YoLoBoo;
			productReference = 22638FFC25981EBA0051E2C4 /* YoLoBoo.app */;
			productType = "com.apple.product-type.application";
		};
/* End PBXNativeTarget section */

/* Begin PBXProject section */
		22638FF425981EBA0051E2C4 /* Project object */ = {
			isa = PBXProject;
			attributes = {
				LastSwiftUpdateCheck = 1010;
				LastUpgradeCheck = 1010;
				ORGANIZATIONNAME = "Juan Ding";
				TargetAttributes = {
					22638FFB25981EBA0051E2C4 = {
						CreatedOnToolsVersion = 10.1;
					};
				};
			};
			buildConfigurationList = 22638FF725981EBA0051E2C4 /* Build configuration list for PBXProject "YoLoBoo" */;
			compatibilityVersion = "Xcode 9.3";
			developmentRegion = en;
			hasScannedForEncodings = 0;
			knownRegions = (
				en,
				Base,
			);
			mainGroup = 22638FF325981EBA0051E2C4;
			productRefGroup = 22638FFD25981EBA0051E2C4 /* Products */;
			projectDirPath = "";
			projectRoot = "";
			targets = (
				22638FFB25981EBA0051E2C4 /* YoLoBoo */,
			);
		};
/* End PBXProject section */

/* Begin PBXResourcesBuildPhase section */
		22638FFA25981EBA0051E2C4 /* Resources */ = {
			isa = PBXResourcesBuildPhase;
			buildActionMask = 2147483647;
			files = (
				2263901E259826610051E2C4 /* myself.png in Resources */,
				0822B1E1259AD22C00B0CA17 /* homeCollectionViewCell.xib in Resources */,
				0822B1F9259E64B000B0CA17 /* cityTableViewCell.xib in Resources */,
				22E54876259867C1009D50B1 /* Main.storyboard in Resources */,
				2263901B259826610051E2C4 /* home.png in Resources */,
				0822B1F4259E558700B0CA17 /* city.txt in Resources */,
				2263900A25981EBD0051E2C4 /* LaunchScreen.storyboard in Resources */,
				2263901D259826610051E2C4 /* discovery.png in Resources */,
				2263901C259826610051E2C4 /* location.png in Resources */,
				22E5487D25986D4D009D50B1 /* new york.png in Resources */,
				2263900725981EBD0051E2C4 /* Assets.xcassets in Resources */,
				22E5487C25986D4D009D50B1 /* san francisco.png in Resources */,
				22E5487E25986D4D009D50B1 /* boston.png in Resources */,
				0822B1F1259E4DC900B0CA17 /* cities.txt in Resources */,
				22E5487B25986D4D009D50B1 /* washington.png in Resources */,
				0822B07925999EFD00B0CA17 /* GoogleService-Info.plist in Resources */,
			);
			runOnlyForDeploymentPostprocessing = 0;
		};
/* End PBXResourcesBuildPhase section */

/* Begin PBXShellScriptBuildPhase section */
		AECC124B096AC37352FEF32B /* [CP] Copy Pods Resources */ = {
			isa = PBXShellScriptBuildPhase;
			buildActionMask = 2147483647;
			files = (
			);
			inputFileListPaths = (
				"${PODS_ROOT}/Target Support Files/Pods-YoLoBoo/Pods-YoLoBoo-resources-${CONFIGURATION}-input-files.xcfilelist",
			);
			name = "[CP] Copy Pods Resources";
			outputFileListPaths = (
				"${PODS_ROOT}/Target Support Files/Pods-YoLoBoo/Pods-YoLoBoo-resources-${CONFIGURATION}-output-files.xcfilelist",
			);
			runOnlyForDeploymentPostprocessing = 0;
			shellPath = /bin/sh;
			shellScript = "\"${PODS_ROOT}/Target Support Files/Pods-YoLoBoo/Pods-YoLoBoo-resources.sh\"\n";
			showEnvVarsInLog = 0;
		};
		B929BCB81EFDEA042ED4ADBA /* [CP] Check Pods Manifest.lock */ = {
			isa = PBXShellScriptBuildPhase;
			buildActionMask = 2147483647;
			files = (
			);
			inputFileListPaths = (
			);
			inputPaths = (
				"${PODS_PODFILE_DIR_PATH}/Podfile.lock",
				"${PODS_ROOT}/Manifest.lock",
			);
			name = "[CP] Check Pods Manifest.lock";
			outputFileListPaths = (
			);
			outputPaths = (
				"$(DERIVED_FILE_DIR)/Pods-YoLoBoo-checkManifestLockResult.txt",
			);
			runOnlyForDeploymentPostprocessing = 0;
			shellPath = /bin/sh;
			shellScript = "diff \"${PODS_PODFILE_DIR_PATH}/Podfile.lock\" \"${PODS_ROOT}/Manifest.lock\" > /dev/null\nif [ $? != 0 ] ; then\n    # print error to STDERR\n    echo \"error: The sandbox is not in sync with the Podfile.lock. Run 'pod install' or update your CocoaPods installation.\" >&2\n    exit 1\nfi\n# This output is used by Xcode 'outputs' to avoid re-running this script phase.\necho \"SUCCESS\" > \"${SCRIPT_OUTPUT_FILE_0}\"\n";
			showEnvVarsInLog = 0;
		};
/* End PBXShellScriptBuildPhase section */

/* Begin PBXSourcesBuildPhase section */
		22638FF825981EBA0051E2C4 /* Sources */ = {
			isa = PBXSourcesBuildPhase;
			buildActionMask = 2147483647;
			files = (
				2263900225981EBA0051E2C4 /* ViewController.swift in Sources */,
				0822B0552598770A00B0CA17 /* homeCollectionViewCell.swift in Sources */,
				0822B1EE259D499F00B0CA17 /* GovApiClientService.swift in Sources */,
				22E5486A25984E60009D50B1 /* homeViewController.swift in Sources */,
				0822B1F8259E64B000B0CA17 /* cityTableViewCell.swift in Sources */,
				22639026259827170051E2C4 /* mineViewController.swift in Sources */,
				2263900025981EBA0051E2C4 /* AppDelegate.swift in Sources */,
				0822B1E7259BCFA300B0CA17 /* FireBaseDataService.swift in Sources */,
				22639024259827030051E2C4 /* findViewController.swift in Sources */,
				22639022259826EE0051E2C4 /* discoveryViewController.swift in Sources */,
				22E54873259862D1009D50B1 /* detailViewController.swift in Sources */,
				0822B07D25999FE600B0CA17 /* StateModel.swift in Sources */,
				0822B0812599A04500B0CA17 /* FireBaseCustomData.swift in Sources */,
				0822B1EB259BD1A700B0CA17 /* homeViewModel.swift in Sources */,
			);
			runOnlyForDeploymentPostprocessing = 0;
		};
/* End PBXSourcesBuildPhase section */

/* Begin PBXVariantGroup section */
		2263900825981EBD0051E2C4 /* LaunchScreen.storyboard */ = {
			isa = PBXVariantGroup;
			children = (
				2263900925981EBD0051E2C4 /* Base */,
			);
			name = LaunchScreen.storyboard;
			sourceTree = "<group>";
		};
/* End PBXVariantGroup section */

/* Begin XCBuildConfiguration section */
		2263900C25981EBD0051E2C4 /* Debug */ = {
			isa = XCBuildConfiguration;
			buildSettings = {
				ALWAYS_SEARCH_USER_PATHS = NO;
				CLANG_ANALYZER_NONNULL = YES;
				CLANG_ANALYZER_NUMBER_OBJECT_CONVERSION = YES_AGGRESSIVE;
				CLANG_CXX_LANGUAGE_STANDARD = "gnu++14";
				CLANG_CXX_LIBRARY = "libc++";
				CLANG_ENABLE_MODULES = YES;
				CLANG_ENABLE_OBJC_ARC = YES;
				CLANG_ENABLE_OBJC_WEAK = YES;
				CLANG_WARN_BLOCK_CAPTURE_AUTORELEASING = YES;
				CLANG_WARN_BOOL_CONVERSION = YES;
				CLANG_WARN_COMMA = YES;
				CLANG_WARN_CONSTANT_CONVERSION = YES;
				CLANG_WARN_DEPRECATED_OBJC_IMPLEMENTATIONS = YES;
				CLANG_WARN_DIRECT_OBJC_ISA_USAGE = YES_ERROR;
				CLANG_WARN_DOCUMENTATION_COMMENTS = YES;
				CLANG_WARN_EMPTY_BODY = YES;
				CLANG_WARN_ENUM_CONVERSION = YES;
				CLANG_WARN_INFINITE_RECURSION = YES;
				CLANG_WARN_INT_CONVERSION = YES;
				CLANG_WARN_NON_LITERAL_NULL_CONVERSION = YES;
				CLANG_WARN_OBJC_IMPLICIT_RETAIN_SELF = YES;
				CLANG_WARN_OBJC_LITERAL_CONVERSION = YES;
				CLANG_WARN_OBJC_ROOT_CLASS = YES_ERROR;
				CLANG_WARN_RANGE_LOOP_ANALYSIS = YES;
				CLANG_WARN_STRICT_PROTOTYPES = YES;
				CLANG_WARN_SUSPICIOUS_MOVE = YES;
				CLANG_WARN_UNGUARDED_AVAILABILITY = YES_AGGRESSIVE;
				CLANG_WARN_UNREACHABLE_CODE = YES;
				CLANG_WARN__DUPLICATE_METHOD_MATCH = YES;
				CODE_SIGN_IDENTITY = "iPhone Developer";
				COPY_PHASE_STRIP = NO;
				DEBUG_INFORMATION_FORMAT = dwarf;
				ENABLE_STRICT_OBJC_MSGSEND = YES;
				ENABLE_TESTABILITY = YES;
				GCC_C_LANGUAGE_STANDARD = gnu11;
				GCC_DYNAMIC_NO_PIC = NO;
				GCC_NO_COMMON_BLOCKS = YES;
				GCC_OPTIMIZATION_LEVEL = 0;
				GCC_PREPROCESSOR_DEFINITIONS = (
					"DEBUG=1",
					"$(inherited)",
				);
				GCC_WARN_64_TO_32_BIT_CONVERSION = YES;
				GCC_WARN_ABOUT_RETURN_TYPE = YES_ERROR;
				GCC_WARN_UNDECLARED_SELECTOR = YES;
				GCC_WARN_UNINITIALIZED_AUTOS = YES_AGGRESSIVE;
				GCC_WARN_UNUSED_FUNCTION = YES;
				GCC_WARN_UNUSED_VARIABLE = YES;
				IPHONEOS_DEPLOYMENT_TARGET = 12.1;
				MTL_ENABLE_DEBUG_INFO = INCLUDE_SOURCE;
				MTL_FAST_MATH = YES;
				ONLY_ACTIVE_ARCH = YES;
				SDKROOT = iphoneos;
				SWIFT_ACTIVE_COMPILATION_CONDITIONS = DEBUG;
				SWIFT_OPTIMIZATION_LEVEL = "-Onone";
			};
			name = Debug;
		};
		2263900D25981EBD0051E2C4 /* Release */ = {
			isa = XCBuildConfiguration;
			buildSettings = {
				ALWAYS_SEARCH_USER_PATHS = NO;
				CLANG_ANALYZER_NONNULL = YES;
				CLANG_ANALYZER_NUMBER_OBJECT_CONVERSION = YES_AGGRESSIVE;
				CLANG_CXX_LANGUAGE_STANDARD = "gnu++14";
				CLANG_CXX_LIBRARY = "libc++";
				CLANG_ENABLE_MODULES = YES;
				CLANG_ENABLE_OBJC_ARC = YES;
				CLANG_ENABLE_OBJC_WEAK = YES;
				CLANG_WARN_BLOCK_CAPTURE_AUTORELEASING = YES;
				CLANG_WARN_BOOL_CONVERSION = YES;
				CLANG_WARN_COMMA = YES;
				CLANG_WARN_CONSTANT_CONVERSION = YES;
				CLANG_WARN_DEPRECATED_OBJC_IMPLEMENTATIONS = YES;
				CLANG_WARN_DIRECT_OBJC_ISA_USAGE = YES_ERROR;
				CLANG_WARN_DOCUMENTATION_COMMENTS = YES;
				CLANG_WARN_EMPTY_BODY = YES;
				CLANG_WARN_ENUM_CONVERSION = YES;
				CLANG_WARN_INFINITE_RECURSION = YES;
				CLANG_WARN_INT_CONVERSION = YES;
				CLANG_WARN_NON_LITERAL_NULL_CONVERSION = YES;
				CLANG_WARN_OBJC_IMPLICIT_RETAIN_SELF = YES;
				CLANG_WARN_OBJC_LITERAL_CONVERSION = YES;
				CLANG_WARN_OBJC_ROOT_CLASS = YES_ERROR;
				CLANG_WARN_RANGE_LOOP_ANALYSIS = YES;
				CLANG_WARN_STRICT_PROTOTYPES = YES;
				CLANG_WARN_SUSPICIOUS_MOVE = YES;
				CLANG_WARN_UNGUARDED_AVAILABILITY = YES_AGGRESSIVE;
				CLANG_WARN_UNREACHABLE_CODE = YES;
				CLANG_WARN__DUPLICATE_METHOD_MATCH = YES;
				CODE_SIGN_IDENTITY = "iPhone Developer";
				COPY_PHASE_STRIP = NO;
				DEBUG_INFORMATION_FORMAT = "dwarf-with-dsym";
				ENABLE_NS_ASSERTIONS = NO;
				ENABLE_STRICT_OBJC_MSGSEND = YES;
				GCC_C_LANGUAGE_STANDARD = gnu11;
				GCC_NO_COMMON_BLOCKS = YES;
				GCC_WARN_64_TO_32_BIT_CONVERSION = YES;
				GCC_WARN_ABOUT_RETURN_TYPE = YES_ERROR;
				GCC_WARN_UNDECLARED_SELECTOR = YES;
				GCC_WARN_UNINITIALIZED_AUTOS = YES_AGGRESSIVE;
				GCC_WARN_UNUSED_FUNCTION = YES;
				GCC_WARN_UNUSED_VARIABLE = YES;
				IPHONEOS_DEPLOYMENT_TARGET = 12.1;
				MTL_ENABLE_DEBUG_INFO = NO;
				MTL_FAST_MATH = YES;
				SDKROOT = iphoneos;
				SWIFT_COMPILATION_MODE = wholemodule;
				SWIFT_OPTIMIZATION_LEVEL = "-O";
				VALIDATE_PRODUCT = YES;
			};
			name = Release;
		};
		2263900F25981EBD0051E2C4 /* Debug */ = {
			isa = XCBuildConfiguration;
			baseConfigurationReference = 2E6872FC7BFA9DFA595917B8 /* Pods-YoLoBoo.debug.xcconfig */;
			buildSettings = {
				ASSETCATALOG_COMPILER_APPICON_NAME = AppIcon;
				CODE_SIGN_STYLE = Automatic;
				DEVELOPMENT_TEAM = JDJ9WC5BWQ;
				INFOPLIST_FILE = YoLoBoo/Info.plist;
				LD_RUNPATH_SEARCH_PATHS = (
					"$(inherited)",
					"@executable_path/Frameworks",
				);
				PRODUCT_BUNDLE_IDENTIFIER = dj.YoLoBoo;
				PRODUCT_NAME = "$(TARGET_NAME)";
				SWIFT_VERSION = 4.2;
				TARGETED_DEVICE_FAMILY = "1,2";
			};
			name = Debug;
		};
		2263901025981EBD0051E2C4 /* Release */ = {
			isa = XCBuildConfiguration;
			baseConfigurationReference = A0FA7B3905474FBBDF35220D /* Pods-YoLoBoo.release.xcconfig */;
			buildSettings = {
				ASSETCATALOG_COMPILER_APPICON_NAME = AppIcon;
				CODE_SIGN_STYLE = Automatic;
				DEVELOPMENT_TEAM = JDJ9WC5BWQ;
				INFOPLIST_FILE = YoLoBoo/Info.plist;
				LD_RUNPATH_SEARCH_PATHS = (
					"$(inherited)",
					"@executable_path/Frameworks",
				);
				PRODUCT_BUNDLE_IDENTIFIER = dj.YoLoBoo;
				PRODUCT_NAME = "$(TARGET_NAME)";
				SWIFT_VERSION = 4.2;
				TARGETED_DEVICE_FAMILY = "1,2";
			};
			name = Release;
		};
/* End XCBuildConfiguration section */

/* Begin XCConfigurationList section */
		22638FF725981EBA0051E2C4 /* Build configuration list for PBXProject "YoLoBoo" */ = {
			isa = XCConfigurationList;
			buildConfigurations = (
				2263900C25981EBD0051E2C4 /* Debug */,
				2263900D25981EBD0051E2C4 /* Release */,
			);
			defaultConfigurationIsVisible = 0;
			defaultConfigurationName = Release;
		};
		2263900E25981EBD0051E2C4 /* Build configuration list for PBXNativeTarget "YoLoBoo" */ = {
			isa = XCConfigurationList;
			buildConfigurations = (
				2263900F25981EBD0051E2C4 /* Debug */,
				2263901025981EBD0051E2C4 /* Release */,
			);
			defaultConfigurationIsVisible = 0;
			defaultConfigurationName = Release;
		};
/* End XCConfigurationList section */
	};
	rootObject = 22638FF425981EBA0051E2C4 /* Project object */;
}
